// !$*UTF8*$!
{
	archiveVersion = 1;
	classes = {
	};
	objectVersion = 46;
	objects = {

/* Begin PBXBuildFile section */
		553325FD1BF06D8000689C14 /* Vehicle.swift in Sources */ = {isa = PBXBuildFile; fileRef = 553325FC1BF06D8000689C14 /* Vehicle.swift */; };
		553326071BF076C000689C14 /* VehicleMapView.swift in Sources */ = {isa = PBXBuildFile; fileRef = 553326061BF076C000689C14 /* VehicleMapView.swift */; };
		553392F21BC1A0D600037FC6 /* MapKit.framework in Frameworks */ = {isa = PBXBuildFile; fileRef = 553392F11BC1A0D600037FC6 /* MapKit.framework */; };
		553393051BC1C2AD00037FC6 /* Alamofire.framework in Frameworks */ = {isa = PBXBuildFile; fileRef = 553392FC1BC1C1E500037FC6 /* Alamofire.framework */; };
		553393071BC1C2AD00037FC6 /* Alamofire.framework in Embed Frameworks */ = {isa = PBXBuildFile; fileRef = 553392FC1BC1C1E500037FC6 /* Alamofire.framework */; settings = {ATTRIBUTES = (CodeSignOnCopy, RemoveHeadersOnCopy, ); }; };
		5533932E1BC1D4E700037FC6 /* SwiftyJSON.framework in Frameworks */ = {isa = PBXBuildFile; fileRef = 553393251BC1D4CE00037FC6 /* SwiftyJSON.framework */; };
		5533932F1BC1D4E700037FC6 /* SwiftyJSON.framework in Embed Frameworks */ = {isa = PBXBuildFile; fileRef = 553393251BC1D4CE00037FC6 /* SwiftyJSON.framework */; settings = {ATTRIBUTES = (CodeSignOnCopy, RemoveHeadersOnCopy, ); }; };
		553B7D4E1BF1632F0068C30A /* LaunchScreen.storyboard in Resources */ = {isa = PBXBuildFile; fileRef = 553B7D4D1BF1632F0068C30A /* LaunchScreen.storyboard */; };
		555E71A21BAF58390045000F /* AppDelegate.swift in Sources */ = {isa = PBXBuildFile; fileRef = 555E71A11BAF58390045000F /* AppDelegate.swift */; };
		555E71A41BAF58390045000F /* ViewController.swift in Sources */ = {isa = PBXBuildFile; fileRef = 555E71A31BAF58390045000F /* ViewController.swift */; };
		555E71A71BAF58390045000F /* Main.storyboard in Resources */ = {isa = PBXBuildFile; fileRef = 555E71A51BAF58390045000F /* Main.storyboard */; };
		555E71AA1BAF58390045000F /* _Ride_Student.xcdatamodeld in Sources */ = {isa = PBXBuildFile; fileRef = 555E71A81BAF58390045000F /* _Ride_Student.xcdatamodeld */; };
		555E71AC1BAF58390045000F /* Assets.xcassets in Resources */ = {isa = PBXBuildFile; fileRef = 555E71AB1BAF58390045000F /* Assets.xcassets */; };
		555E71BA1BAF58390045000F /* _Ride_StudentTests.swift in Sources */ = {isa = PBXBuildFile; fileRef = 555E71B91BAF58390045000F /* _Ride_StudentTests.swift */; };
		555E71C51BAF58390045000F /* _Ride_StudentUITests.swift in Sources */ = {isa = PBXBuildFile; fileRef = 555E71C41BAF58390045000F /* _Ride_StudentUITests.swift */; };
/* End PBXBuildFile section */

/* Begin PBXContainerItemProxy section */
		553392FB1BC1C1E500037FC6 /* PBXContainerItemProxy */ = {
			isa = PBXContainerItemProxy;
			containerPortal = 553392F31BC1C1E300037FC6 /* Alamofire.xcodeproj */;
			proxyType = 2;
			remoteGlobalIDString = F8111E3319A95C8B0040E7D1;
			remoteInfo = "Alamofire iOS";
		};
		553392FD1BC1C1E500037FC6 /* PBXContainerItemProxy */ = {
			isa = PBXContainerItemProxy;
			containerPortal = 553392F31BC1C1E300037FC6 /* Alamofire.xcodeproj */;
			proxyType = 2;
			remoteGlobalIDString = 4DD67C0B1A5C55C900ED2280;
			remoteInfo = "Alamofire OSX";
		};
		553392FF1BC1C1E500037FC6 /* PBXContainerItemProxy */ = {
			isa = PBXContainerItemProxy;
			containerPortal = 553392F31BC1C1E300037FC6 /* Alamofire.xcodeproj */;
			proxyType = 2;
			remoteGlobalIDString = E4202FE01B667AA100C997FB;
			remoteInfo = "Alamofire watchOS";
		};
		553393011BC1C1E500037FC6 /* PBXContainerItemProxy */ = {
			isa = PBXContainerItemProxy;
			containerPortal = 553392F31BC1C1E300037FC6 /* Alamofire.xcodeproj */;
			proxyType = 2;
			remoteGlobalIDString = F8111E3E19A95C8B0040E7D1;
			remoteInfo = "Alamofire iOS Tests";
		};
		553393031BC1C1E500037FC6 /* PBXContainerItemProxy */ = {
			isa = PBXContainerItemProxy;
			containerPortal = 553392F31BC1C1E300037FC6 /* Alamofire.xcodeproj */;
			proxyType = 2;
			remoteGlobalIDString = F829C6B21A7A94F100A2CD59;
			remoteInfo = "Alamofire OSX Tests";
		};
		553393081BC1C2AD00037FC6 /* PBXContainerItemProxy */ = {
			isa = PBXContainerItemProxy;
			containerPortal = 553392F31BC1C1E300037FC6 /* Alamofire.xcodeproj */;
			proxyType = 1;
			remoteGlobalIDString = F8111E3219A95C8B0040E7D1;
			remoteInfo = "Alamofire iOS";
		};
		553393241BC1D4CE00037FC6 /* PBXContainerItemProxy */ = {
			isa = PBXContainerItemProxy;
			containerPortal = 5533931C1BC1D4CD00037FC6 /* SwiftyJSON.xcodeproj */;
			proxyType = 2;
			remoteGlobalIDString = 2E4FEFDB19575BE100351305;
			remoteInfo = "SwiftyJSON iOS";
		};
		553393261BC1D4CE00037FC6 /* PBXContainerItemProxy */ = {
			isa = PBXContainerItemProxy;
			containerPortal = 5533931C1BC1D4CD00037FC6 /* SwiftyJSON.xcodeproj */;
			proxyType = 2;
			remoteGlobalIDString = 2E4FEFE619575BE100351305;
			remoteInfo = "SwiftyJSON iOS Tests";
		};
		553393281BC1D4CE00037FC6 /* PBXContainerItemProxy */ = {
			isa = PBXContainerItemProxy;
			containerPortal = 5533931C1BC1D4CD00037FC6 /* SwiftyJSON.xcodeproj */;
			proxyType = 2;
			remoteGlobalIDString = 9C7DFC5B1A9102BD005AA3F7;
			remoteInfo = "SwiftyJSON OSX";
		};
		5533932A1BC1D4CE00037FC6 /* PBXContainerItemProxy */ = {
			isa = PBXContainerItemProxy;
			containerPortal = 5533931C1BC1D4CD00037FC6 /* SwiftyJSON.xcodeproj */;
			proxyType = 2;
			remoteGlobalIDString = 9C7DFC651A9102BD005AA3F7;
			remoteInfo = "SwiftyJSON OSX Tests";
		};
		5533932C1BC1D4CE00037FC6 /* PBXContainerItemProxy */ = {
			isa = PBXContainerItemProxy;
			containerPortal = 5533931C1BC1D4CD00037FC6 /* SwiftyJSON.xcodeproj */;
			proxyType = 2;
			remoteGlobalIDString = E4D7CCE81B9465A700EE7221;
			remoteInfo = "SwiftyJSON watchOS";
		};
		553393301BC1D4E700037FC6 /* PBXContainerItemProxy */ = {
			isa = PBXContainerItemProxy;
			containerPortal = 5533931C1BC1D4CD00037FC6 /* SwiftyJSON.xcodeproj */;
			proxyType = 1;
			remoteGlobalIDString = 2E4FEFDA19575BE100351305;
			remoteInfo = "SwiftyJSON iOS";
		};
		555E71B61BAF58390045000F /* PBXContainerItemProxy */ = {
			isa = PBXContainerItemProxy;
			containerPortal = 555E71961BAF58390045000F /* Project object */;
			proxyType = 1;
			remoteGlobalIDString = 555E719D1BAF58390045000F;
			remoteInfo = "4Ride Client";
		};
		555E71C11BAF58390045000F /* PBXContainerItemProxy */ = {
			isa = PBXContainerItemProxy;
			containerPortal = 555E71961BAF58390045000F /* Project object */;
			proxyType = 1;
			remoteGlobalIDString = 555E719D1BAF58390045000F;
			remoteInfo = "4Ride Client";
		};
/* End PBXContainerItemProxy section */

/* Begin PBXCopyFilesBuildPhase section */
		553393061BC1C2AD00037FC6 /* Embed Frameworks */ = {
			isa = PBXCopyFilesBuildPhase;
			buildActionMask = 2147483647;
			dstPath = "";
			dstSubfolderSpec = 10;
			files = (
				5533932F1BC1D4E700037FC6 /* SwiftyJSON.framework in Embed Frameworks */,
				553393071BC1C2AD00037FC6 /* Alamofire.framework in Embed Frameworks */,
			);
			name = "Embed Frameworks";
			runOnlyForDeploymentPostprocessing = 0;
		};
/* End PBXCopyFilesBuildPhase section */

/* Begin PBXFileReference section */
		553325FC1BF06D8000689C14 /* Vehicle.swift */ = {isa = PBXFileReference; fileEncoding = 4; lastKnownFileType = sourcecode.swift; path = Vehicle.swift; sourceTree = "<group>"; };
		553326061BF076C000689C14 /* VehicleMapView.swift */ = {isa = PBXFileReference; fileEncoding = 4; lastKnownFileType = sourcecode.swift; path = VehicleMapView.swift; sourceTree = "<group>"; };
		553392F11BC1A0D600037FC6 /* MapKit.framework */ = {isa = PBXFileReference; lastKnownFileType = wrapper.framework; name = MapKit.framework; path = System/Library/Frameworks/MapKit.framework; sourceTree = SDKROOT; };
		553392F31BC1C1E300037FC6 /* Alamofire.xcodeproj */ = {isa = PBXFileReference; lastKnownFileType = "wrapper.pb-project"; name = Alamofire.xcodeproj; path = "Alamofire-master/Alamofire.xcodeproj"; sourceTree = "<group>"; };
		5533931C1BC1D4CD00037FC6 /* SwiftyJSON.xcodeproj */ = {isa = PBXFileReference; lastKnownFileType = "wrapper.pb-project"; name = SwiftyJSON.xcodeproj; path = "SwiftyJSON-master/SwiftyJSON.xcodeproj"; sourceTree = "<group>"; };
		553B7D4D1BF1632F0068C30A /* LaunchScreen.storyboard */ = {isa = PBXFileReference; fileEncoding = 4; lastKnownFileType = file.storyboard; path = LaunchScreen.storyboard; sourceTree = "<group>"; };
		555E719E1BAF58390045000F /* 4Ride Student.app */ = {isa = PBXFileReference; explicitFileType = wrapper.application; includeInIndex = 0; path = "4Ride Student.app"; sourceTree = BUILT_PRODUCTS_DIR; };
		555E71A11BAF58390045000F /* AppDelegate.swift */ = {isa = PBXFileReference; lastKnownFileType = sourcecode.swift; path = AppDelegate.swift; sourceTree = "<group>"; };
		555E71A31BAF58390045000F /* ViewController.swift */ = {isa = PBXFileReference; lastKnownFileType = sourcecode.swift; lineEnding = 0; path = ViewController.swift; sourceTree = "<group>"; };
		555E71A61BAF58390045000F /* Base */ = {isa = PBXFileReference; lastKnownFileType = file.storyboard; name = Base; path = Base.lproj/Main.storyboard; sourceTree = "<group>"; };
		555E71A91BAF58390045000F /* _Ride_Student.xcdatamodel */ = {isa = PBXFileReference; lastKnownFileType = wrapper.xcdatamodel; path = _Ride_Student.xcdatamodel; sourceTree = "<group>"; };
		555E71AB1BAF58390045000F /* Assets.xcassets */ = {isa = PBXFileReference; lastKnownFileType = folder.assetcatalog; path = Assets.xcassets; sourceTree = "<group>"; };
		555E71B01BAF58390045000F /* Info.plist */ = {isa = PBXFileReference; lastKnownFileType = text.plist.xml; path = Info.plist; sourceTree = "<group>"; };
		555E71B51BAF58390045000F /* 4Ride Student.xctest */ = {isa = PBXFileReference; explicitFileType = wrapper.cfbundle; includeInIndex = 0; path = "4Ride Student.xctest"; sourceTree = BUILT_PRODUCTS_DIR; };
		555E71B91BAF58390045000F /* _Ride_StudentTests.swift */ = {isa = PBXFileReference; lastKnownFileType = sourcecode.swift; path = _Ride_StudentTests.swift; sourceTree = "<group>"; };
		555E71BB1BAF58390045000F /* Info.plist */ = {isa = PBXFileReference; lastKnownFileType = text.plist.xml; path = Info.plist; sourceTree = "<group>"; };
		555E71C01BAF58390045000F /* 4Ride Student.xctest */ = {isa = PBXFileReference; explicitFileType = wrapper.cfbundle; includeInIndex = 0; path = "4Ride Student.xctest"; sourceTree = BUILT_PRODUCTS_DIR; };
		555E71C41BAF58390045000F /* _Ride_StudentUITests.swift */ = {isa = PBXFileReference; lastKnownFileType = sourcecode.swift; path = _Ride_StudentUITests.swift; sourceTree = "<group>"; };
		555E71C61BAF58390045000F /* Info.plist */ = {isa = PBXFileReference; lastKnownFileType = text.plist.xml; path = Info.plist; sourceTree = "<group>"; };
/* End PBXFileReference section */

/* Begin PBXFrameworksBuildPhase section */
		555E719B1BAF58390045000F /* Frameworks */ = {
			isa = PBXFrameworksBuildPhase;
			buildActionMask = 2147483647;
			files = (
				553392F21BC1A0D600037FC6 /* MapKit.framework in Frameworks */,
				553393051BC1C2AD00037FC6 /* Alamofire.framework in Frameworks */,
				5533932E1BC1D4E700037FC6 /* SwiftyJSON.framework in Frameworks */,
			);
			runOnlyForDeploymentPostprocessing = 0;
		};
		555E71B21BAF58390045000F /* Frameworks */ = {
			isa = PBXFrameworksBuildPhase;
			buildActionMask = 2147483647;
			files = (
			);
			runOnlyForDeploymentPostprocessing = 0;
		};
		555E71BD1BAF58390045000F /* Frameworks */ = {
			isa = PBXFrameworksBuildPhase;
			buildActionMask = 2147483647;
			files = (
			);
			runOnlyForDeploymentPostprocessing = 0;
		};
/* End PBXFrameworksBuildPhase section */

/* Begin PBXGroup section */
		553392F41BC1C1E300037FC6 /* Products */ = {
			isa = PBXGroup;
			children = (
				553392FC1BC1C1E500037FC6 /* Alamofire.framework */,
				553392FE1BC1C1E500037FC6 /* Alamofire.framework */,
				553393001BC1C1E500037FC6 /* Alamofire.framework */,
				553393021BC1C1E500037FC6 /* Alamofire iOS Tests.xctest */,
				553393041BC1C1E500037FC6 /* Alamofire OSX Tests.xctest */,
			);
			name = Products;
			sourceTree = "<group>";
		};
		5533931D1BC1D4CD00037FC6 /* Products */ = {
			isa = PBXGroup;
			children = (
				553393251BC1D4CE00037FC6 /* SwiftyJSON.framework */,
				553393271BC1D4CE00037FC6 /* SwiftyJSON iOS Tests.xctest */,
				553393291BC1D4CE00037FC6 /* SwiftyJSON.framework */,
				5533932B1BC1D4CE00037FC6 /* SwiftyJSON OSX Tests.xctest */,
				5533932D1BC1D4CE00037FC6 /* SwiftyJSON.framework */,
			);
			name = Products;
			sourceTree = "<group>";
		};
		555E71951BAF58390045000F = {
			isa = PBXGroup;
			children = (
				5533931C1BC1D4CD00037FC6 /* SwiftyJSON.xcodeproj */,
				553392F31BC1C1E300037FC6 /* Alamofire.xcodeproj */,
				553392F11BC1A0D600037FC6 /* MapKit.framework */,
				555E71A01BAF58390045000F /* 4RideStudent */,
				555E71B81BAF58390045000F /* 4RideStudentTests */,
				555E71C31BAF58390045000F /* 4RideStudentUITests */,
				555E719F1BAF58390045000F /* Products */,
			);
			sourceTree = "<group>";
		};
		555E719F1BAF58390045000F /* Products */ = {
			isa = PBXGroup;
			children = (
				555E719E1BAF58390045000F /* 4Ride Student.app */,
				555E71B51BAF58390045000F /* 4Ride Student.xctest */,
				555E71C01BAF58390045000F /* 4Ride Student.xctest */,
			);
			name = Products;
			sourceTree = "<group>";
		};
		555E71A01BAF58390045000F /* 4RideStudent */ = {
			isa = PBXGroup;
			children = (
				555E71A11BAF58390045000F /* AppDelegate.swift */,
				555E71A31BAF58390045000F /* ViewController.swift */,
				553326061BF076C000689C14 /* VehicleMapView.swift */,
				553325FC1BF06D8000689C14 /* Vehicle.swift */,
				553B7D4D1BF1632F0068C30A /* LaunchScreen.storyboard */,
				555E71A51BAF58390045000F /* Main.storyboard */,
				555E71AB1BAF58390045000F /* Assets.xcassets */,
				555E71B01BAF58390045000F /* Info.plist */,
				555E71A81BAF58390045000F /* _Ride_Student.xcdatamodeld */,
			);
			path = 4RideStudent;
			sourceTree = "<group>";
		};
		555E71B81BAF58390045000F /* 4RideStudentTests */ = {
			isa = PBXGroup;
			children = (
				555E71B91BAF58390045000F /* _Ride_StudentTests.swift */,
				555E71BB1BAF58390045000F /* Info.plist */,
			);
			path = 4RideStudentTests;
			sourceTree = "<group>";
		};
		555E71C31BAF58390045000F /* 4RideStudentUITests */ = {
			isa = PBXGroup;
			children = (
				555E71C41BAF58390045000F /* _Ride_StudentUITests.swift */,
				555E71C61BAF58390045000F /* Info.plist */,
			);
			path = 4RideStudentUITests;
			sourceTree = "<group>";
		};
/* End PBXGroup section */

/* Begin PBXNativeTarget section */
		555E719D1BAF58390045000F /* 4Ride Student */ = {
			isa = PBXNativeTarget;
			buildConfigurationList = 555E71C91BAF58390045000F /* Build configuration list for PBXNativeTarget "4Ride Student" */;
			buildPhases = (
				555E719A1BAF58390045000F /* Sources */,
				555E719B1BAF58390045000F /* Frameworks */,
				555E719C1BAF58390045000F /* Resources */,
				553393061BC1C2AD00037FC6 /* Embed Frameworks */,
			);
			buildRules = (
			);
			dependencies = (
				553393091BC1C2AD00037FC6 /* PBXTargetDependency */,
				553393311BC1D4E700037FC6 /* PBXTargetDependency */,
			);
			name = "4Ride Student";
			productName = "4Ride Client";
			productReference = 555E719E1BAF58390045000F /* 4Ride Student.app */;
			productType = "com.apple.product-type.application";
		};
		555E71B41BAF58390045000F /* 4Ride StudentTests */ = {
			isa = PBXNativeTarget;
			buildConfigurationList = 555E71CC1BAF58390045000F /* Build configuration list for PBXNativeTarget "4Ride StudentTests" */;
			buildPhases = (
				555E71B11BAF58390045000F /* Sources */,
				555E71B21BAF58390045000F /* Frameworks */,
				555E71B31BAF58390045000F /* Resources */,
			);
			buildRules = (
			);
			dependencies = (
				555E71B71BAF58390045000F /* PBXTargetDependency */,
			);
			name = "4Ride StudentTests";
			productName = "4Ride ClientTests";
			productReference = 555E71B51BAF58390045000F /* 4Ride Student.xctest */;
			productType = "com.apple.product-type.bundle.unit-test";
		};
		555E71BF1BAF58390045000F /* 4Ride StudentUITests */ = {
			isa = PBXNativeTarget;
			buildConfigurationList = 555E71CF1BAF58390045000F /* Build configuration list for PBXNativeTarget "4Ride StudentUITests" */;
			buildPhases = (
				555E71BC1BAF58390045000F /* Sources */,
				555E71BD1BAF58390045000F /* Frameworks */,
				555E71BE1BAF58390045000F /* Resources */,
			);
			buildRules = (
			);
			dependencies = (
				555E71C21BAF58390045000F /* PBXTargetDependency */,
			);
			name = "4Ride StudentUITests";
			productName = "4Ride ClientUITests";
			productReference = 555E71C01BAF58390045000F /* 4Ride Student.xctest */;
			productType = "com.apple.product-type.bundle.ui-testing";
		};
/* End PBXNativeTarget section */

/* Begin PBXProject section */
		555E71961BAF58390045000F /* Project object */ = {
			isa = PBXProject;
			attributes = {
				LastUpgradeCheck = 0700;
				ORGANIZATIONNAME = "Randy Fitzmorris";
				TargetAttributes = {
					555E719D1BAF58390045000F = {
						CreatedOnToolsVersion = 7.0;
					};
					555E71B41BAF58390045000F = {
						CreatedOnToolsVersion = 7.0;
						TestTargetID = 555E719D1BAF58390045000F;
					};
					555E71BF1BAF58390045000F = {
						CreatedOnToolsVersion = 7.0;
						TestTargetID = 555E719D1BAF58390045000F;
					};
				};
			};
			buildConfigurationList = 555E71991BAF58390045000F /* Build configuration list for PBXProject "4Ride Student" */;
			compatibilityVersion = "Xcode 3.2";
			developmentRegion = English;
			hasScannedForEncodings = 0;
			knownRegions = (
				en,
				Base,
			);
			mainGroup = 555E71951BAF58390045000F;
			productRefGroup = 555E719F1BAF58390045000F /* Products */;
			projectDirPath = "";
			projectReferences = (
				{
					ProductGroup = 553392F41BC1C1E300037FC6 /* Products */;
					ProjectRef = 553392F31BC1C1E300037FC6 /* Alamofire.xcodeproj */;
				},
				{
					ProductGroup = 5533931D1BC1D4CD00037FC6 /* Products */;
					ProjectRef = 5533931C1BC1D4CD00037FC6 /* SwiftyJSON.xcodeproj */;
				},
			);
			projectRoot = "";
			targets = (
				555E719D1BAF58390045000F /* 4Ride Student */,
				555E71B41BAF58390045000F /* 4Ride StudentTests */,
				555E71BF1BAF58390045000F /* 4Ride StudentUITests */,
			);
		};
/* End PBXProject section */

/* Begin PBXReferenceProxy section */
		553392FC1BC1C1E500037FC6 /* Alamofire.framework */ = {
			isa = PBXReferenceProxy;
			fileType = wrapper.framework;
			path = Alamofire.framework;
			remoteRef = 553392FB1BC1C1E500037FC6 /* PBXContainerItemProxy */;
			sourceTree = BUILT_PRODUCTS_DIR;
		};
		553392FE1BC1C1E500037FC6 /* Alamofire.framework */ = {
			isa = PBXReferenceProxy;
			fileType = wrapper.framework;
			path = Alamofire.framework;
			remoteRef = 553392FD1BC1C1E500037FC6 /* PBXContainerItemProxy */;
			sourceTree = BUILT_PRODUCTS_DIR;
		};
		553393001BC1C1E500037FC6 /* Alamofire.framework */ = {
			isa = PBXReferenceProxy;
			fileType = wrapper.framework;
			path = Alamofire.framework;
			remoteRef = 553392FF1BC1C1E500037FC6 /* PBXContainerItemProxy */;
			sourceTree = BUILT_PRODUCTS_DIR;
		};
		553393021BC1C1E500037FC6 /* Alamofire iOS Tests.xctest */ = {
			isa = PBXReferenceProxy;
			fileType = wrapper.cfbundle;
			path = "Alamofire iOS Tests.xctest";
			remoteRef = 553393011BC1C1E500037FC6 /* PBXContainerItemProxy */;
			sourceTree = BUILT_PRODUCTS_DIR;
		};
		553393041BC1C1E500037FC6 /* Alamofire OSX Tests.xctest */ = {
			isa = PBXReferenceProxy;
			fileType = wrapper.cfbundle;
			path = "Alamofire OSX Tests.xctest";
			remoteRef = 553393031BC1C1E500037FC6 /* PBXContainerItemProxy */;
			sourceTree = BUILT_PRODUCTS_DIR;
		};
		553393251BC1D4CE00037FC6 /* SwiftyJSON.framework */ = {
			isa = PBXReferenceProxy;
			fileType = wrapper.framework;
			path = SwiftyJSON.framework;
			remoteRef = 553393241BC1D4CE00037FC6 /* PBXContainerItemProxy */;
			sourceTree = BUILT_PRODUCTS_DIR;
		};
		553393271BC1D4CE00037FC6 /* SwiftyJSON iOS Tests.xctest */ = {
			isa = PBXReferenceProxy;
			fileType = wrapper.cfbundle;
			path = "SwiftyJSON iOS Tests.xctest";
			remoteRef = 553393261BC1D4CE00037FC6 /* PBXContainerItemProxy */;
			sourceTree = BUILT_PRODUCTS_DIR;
		};
		553393291BC1D4CE00037FC6 /* SwiftyJSON.framework */ = {
			isa = PBXReferenceProxy;
			fileType = wrapper.framework;
			path = SwiftyJSON.framework;
			remoteRef = 553393281BC1D4CE00037FC6 /* PBXContainerItemProxy */;
			sourceTree = BUILT_PRODUCTS_DIR;
		};
		5533932B1BC1D4CE00037FC6 /* SwiftyJSON OSX Tests.xctest */ = {
			isa = PBXReferenceProxy;
			fileType = wrapper.cfbundle;
			path = "SwiftyJSON OSX Tests.xctest";
			remoteRef = 5533932A1BC1D4CE00037FC6 /* PBXContainerItemProxy */;
			sourceTree = BUILT_PRODUCTS_DIR;
		};
		5533932D1BC1D4CE00037FC6 /* SwiftyJSON.framework */ = {
			isa = PBXReferenceProxy;
			fileType = wrapper.framework;
			path = SwiftyJSON.framework;
			remoteRef = 5533932C1BC1D4CE00037FC6 /* PBXContainerItemProxy */;
			sourceTree = BUILT_PRODUCTS_DIR;
		};
/* End PBXReferenceProxy section */

/* Begin PBXResourcesBuildPhase section */
		555E719C1BAF58390045000F /* Resources */ = {
			isa = PBXResourcesBuildPhase;
			buildActionMask = 2147483647;
			files = (
				553B7D4E1BF1632F0068C30A /* LaunchScreen.storyboard in Resources */,
				555E71AC1BAF58390045000F /* Assets.xcassets in Resources */,
				555E71A71BAF58390045000F /* Main.storyboard in Resources */,
			);
			runOnlyForDeploymentPostprocessing = 0;
		};
		555E71B31BAF58390045000F /* Resources */ = {
			isa = PBXResourcesBuildPhase;
			buildActionMask = 2147483647;
			files = (
			);
			runOnlyForDeploymentPostprocessing = 0;
		};
		555E71BE1BAF58390045000F /* Resources */ = {
			isa = PBXResourcesBuildPhase;
			buildActionMask = 2147483647;
			files = (
			);
			runOnlyForDeploymentPostprocessing = 0;
		};
/* End PBXResourcesBuildPhase section */

/* Begin PBXSourcesBuildPhase section */
		555E719A1BAF58390045000F /* Sources */ = {
			isa = PBXSourcesBuildPhase;
			buildActionMask = 2147483647;
			files = (
				553325FD1BF06D8000689C14 /* Vehicle.swift in Sources */,
				555E71A41BAF58390045000F /* ViewController.swift in Sources */,
				555E71AA1BAF58390045000F /* _Ride_Student.xcdatamodeld in Sources */,
				555E71A21BAF58390045000F /* AppDelegate.swift in Sources */,
				553326071BF076C000689C14 /* VehicleMapView.swift in Sources */,
			);
			runOnlyForDeploymentPostprocessing = 0;
		};
		555E71B11BAF58390045000F /* Sources */ = {
			isa = PBXSourcesBuildPhase;
			buildActionMask = 2147483647;
			files = (
				555E71BA1BAF58390045000F /* _Ride_StudentTests.swift in Sources */,
			);
			runOnlyForDeploymentPostprocessing = 0;
		};
		555E71BC1BAF58390045000F /* Sources */ = {
			isa = PBXSourcesBuildPhase;
			buildActionMask = 2147483647;
			files = (
				555E71C51BAF58390045000F /* _Ride_StudentUITests.swift in Sources */,
			);
			runOnlyForDeploymentPostprocessing = 0;
		};
/* End PBXSourcesBuildPhase section */

/* Begin PBXTargetDependency section */
		553393091BC1C2AD00037FC6 /* PBXTargetDependency */ = {
			isa = PBXTargetDependency;
			name = "Alamofire iOS";
			targetProxy = 553393081BC1C2AD00037FC6 /* PBXContainerItemProxy */;
		};
		553393311BC1D4E700037FC6 /* PBXTargetDependency */ = {
			isa = PBXTargetDependency;
			name = "SwiftyJSON iOS";
			targetProxy = 553393301BC1D4E700037FC6 /* PBXContainerItemProxy */;
		};
		555E71B71BAF58390045000F /* PBXTargetDependency */ = {
			isa = PBXTargetDependency;
			target = 555E719D1BAF58390045000F /* 4Ride Student */;
			targetProxy = 555E71B61BAF58390045000F /* PBXContainerItemProxy */;
		};
		555E71C21BAF58390045000F /* PBXTargetDependency */ = {
			isa = PBXTargetDependency;
			target = 555E719D1BAF58390045000F /* 4Ride Student */;
			targetProxy = 555E71C11BAF58390045000F /* PBXContainerItemProxy */;
		};
/* End PBXTargetDependency section */

/* Begin PBXVariantGroup section */
		555E71A51BAF58390045000F /* Main.storyboard */ = {
			isa = PBXVariantGroup;
			children = (
				555E71A61BAF58390045000F /* Base */,
			);
			name = Main.storyboard;
			sourceTree = "<group>";
		};
/* End PBXVariantGroup section */

/* Begin XCBuildConfiguration section */
		555E71C71BAF58390045000F /* Debug */ = {
			isa = XCBuildConfiguration;
			buildSettings = {
				ALWAYS_SEARCH_USER_PATHS = NO;
				CLANG_CXX_LANGUAGE_STANDARD = "gnu++0x";
				CLANG_CXX_LIBRARY = "libc++";
				CLANG_ENABLE_MODULES = YES;
				CLANG_ENABLE_OBJC_ARC = YES;
				CLANG_WARN_BOOL_CONVERSION = YES;
				CLANG_WARN_CONSTANT_CONVERSION = YES;
				CLANG_WARN_DIRECT_OBJC_ISA_USAGE = YES_ERROR;
				CLANG_WARN_EMPTY_BODY = YES;
				CLANG_WARN_ENUM_CONVERSION = YES;
				CLANG_WARN_INT_CONVERSION = YES;
				CLANG_WARN_OBJC_ROOT_CLASS = YES_ERROR;
				CLANG_WARN_UNREACHABLE_CODE = YES;
				CLANG_WARN__DUPLICATE_METHOD_MATCH = YES;
				"CODE_SIGN_IDENTITY[sdk=iphoneos*]" = "iPhone Developer";
				COPY_PHASE_STRIP = NO;
				DEBUG_INFORMATION_FORMAT = dwarf;
				ENABLE_STRICT_OBJC_MSGSEND = YES;
				ENABLE_TESTABILITY = YES;
				GCC_C_LANGUAGE_STANDARD = gnu99;
				GCC_DYNAMIC_NO_PIC = NO;
				GCC_NO_COMMON_BLOCKS = YES;
				GCC_OPTIMIZATION_LEVEL = 0;
				GCC_PREPROCESSOR_DEFINITIONS = (
					"DEBUG=1",
					"$(inherited)",
				);
				GCC_WARN_64_TO_32_BIT_CONVERSION = YES;
				GCC_WARN_ABOUT_RETURN_TYPE = YES_ERROR;
				GCC_WARN_UNDECLARED_SELECTOR = YES;
				GCC_WARN_UNINITIALIZED_AUTOS = YES_AGGRESSIVE;
				GCC_WARN_UNUSED_FUNCTION = YES;
				GCC_WARN_UNUSED_VARIABLE = YES;
				IPHONEOS_DEPLOYMENT_TARGET = 9.0;
				MTL_ENABLE_DEBUG_INFO = YES;
				ONLY_ACTIVE_ARCH = YES;
				SDKROOT = iphoneos;
				SWIFT_OPTIMIZATION_LEVEL = "-Onone";
			};
			name = Debug;
		};
		555E71C81BAF58390045000F /* Release */ = {
			isa = XCBuildConfiguration;
			buildSettings = {
				ALWAYS_SEARCH_USER_PATHS = NO;
				CLANG_CXX_LANGUAGE_STANDARD = "gnu++0x";
				CLANG_CXX_LIBRARY = "libc++";
				CLANG_ENABLE_MODULES = YES;
				CLANG_ENABLE_OBJC_ARC = YES;
				CLANG_WARN_BOOL_CONVERSION = YES;
				CLANG_WARN_CONSTANT_CONVERSION = YES;
				CLANG_WARN_DIRECT_OBJC_ISA_USAGE = YES_ERROR;
				CLANG_WARN_EMPTY_BODY = YES;
				CLANG_WARN_ENUM_CONVERSION = YES;
				CLANG_WARN_INT_CONVERSION = YES;
				CLANG_WARN_OBJC_ROOT_CLASS = YES_ERROR;
				CLANG_WARN_UNREACHABLE_CODE = YES;
				CLANG_WARN__DUPLICATE_METHOD_MATCH = YES;
				"CODE_SIGN_IDENTITY[sdk=iphoneos*]" = "iPhone Developer";
				COPY_PHASE_STRIP = NO;
				DEBUG_INFORMATION_FORMAT = "dwarf-with-dsym";
				ENABLE_NS_ASSERTIONS = NO;
				ENABLE_STRICT_OBJC_MSGSEND = YES;
				GCC_C_LANGUAGE_STANDARD = gnu99;
				GCC_NO_COMMON_BLOCKS = YES;
				GCC_WARN_64_TO_32_BIT_CONVERSION = YES;
				GCC_WARN_ABOUT_RETURN_TYPE = YES_ERROR;
				GCC_WARN_UNDECLARED_SELECTOR = YES;
				GCC_WARN_UNINITIALIZED_AUTOS = YES_AGGRESSIVE;
				GCC_WARN_UNUSED_FUNCTION = YES;
				GCC_WARN_UNUSED_VARIABLE = YES;
				IPHONEOS_DEPLOYMENT_TARGET = 9.0;
				MTL_ENABLE_DEBUG_INFO = NO;
				SDKROOT = iphoneos;
				VALIDATE_PRODUCT = YES;
			};
			name = Release;
		};
		555E71CA1BAF58390045000F /* Debug */ = {
			isa = XCBuildConfiguration;
			buildSettings = {
				ASSETCATALOG_COMPILER_APPICON_NAME = AppIcon;
				EMBEDDED_CONTENT_CONTAINS_SWIFT = YES;
				INFOPLIST_FILE = "$(SRCROOT)/4RideStudent/Info.plist";
				LD_RUNPATH_SEARCH_PATHS = "$(inherited) @executable_path/Frameworks";
				PRODUCT_BUNDLE_IDENTIFIER = "Fitzmorris.-Ride-Student";
				PRODUCT_NAME = "4Ride Student";
			};
			name = Debug;
		};
		555E71CB1BAF58390045000F /* Release */ = {
			isa = XCBuildConfiguration;
			buildSettings = {
				ASSETCATALOG_COMPILER_APPICON_NAME = AppIcon;
				EMBEDDED_CONTENT_CONTAINS_SWIFT = YES;
				INFOPLIST_FILE = "$(SRCROOT)/4RideStudent/Info.plist";
				LD_RUNPATH_SEARCH_PATHS = "$(inherited) @executable_path/Frameworks";
				PRODUCT_BUNDLE_IDENTIFIER = "Fitzmorris.-Ride-Student";
				PRODUCT_NAME = "4Ride Student";
			};
			name = Release;
		};
		555E71CD1BAF58390045000F /* Debug */ = {
			isa = XCBuildConfiguration;
			buildSettings = {
				BUNDLE_LOADER = "$(TEST_HOST)";
				INFOPLIST_FILE = "4Ride ClientTests/Info.plist";
				LD_RUNPATH_SEARCH_PATHS = "$(inherited) @executable_path/Frameworks @loader_path/Frameworks";
				PRODUCT_BUNDLE_IDENTIFIER = "Fitzmorris.-Ride-ClientTests";
				PRODUCT_NAME = "4Ride Student";
				TEST_HOST = "$(BUILT_PRODUCTS_DIR)/4Ride Student.app/4Ride Student";
			};
			name = Debug;
		};
		555E71CE1BAF58390045000F /* Release */ = {
			isa = XCBuildConfiguration;
			buildSettings = {
				BUNDLE_LOADER = "$(TEST_HOST)";
				INFOPLIST_FILE = "4Ride ClientTests/Info.plist";
				LD_RUNPATH_SEARCH_PATHS = "$(inherited) @executable_path/Frameworks @loader_path/Frameworks";
				PRODUCT_BUNDLE_IDENTIFIER = "Fitzmorris.-Ride-ClientTests";
				PRODUCT_NAME = "4Ride Student";
				TEST_HOST = "$(BUILT_PRODUCTS_DIR)/4Ride Student.app/4Ride Student";
			};
			name = Release;
		};
		555E71D01BAF58390045000F /* Debug */ = {
			isa = XCBuildConfiguration;
			buildSettings = {
				INFOPLIST_FILE = "4Ride ClientUITests/Info.plist";
				LD_RUNPATH_SEARCH_PATHS = "$(inherited) @executable_path/Frameworks @loader_path/Frameworks";
				PRODUCT_BUNDLE_IDENTIFIER = "Fitzmorris.-Ride-ClientUITests";
				PRODUCT_NAME = "4Ride Student";
				TEST_TARGET_NAME = "4Ride Client";
				USES_XCTRUNNER = YES;
			};
			name = Debug;
		};
		555E71D11BAF58390045000F /* Release */ = {
			isa = XCBuildConfiguration;
			buildSettings = {
				INFOPLIST_FILE = "4Ride ClientUITests/Info.plist";
				LD_RUNPATH_SEARCH_PATHS = "$(inherited) @executable_path/Frameworks @loader_path/Frameworks";
				PRODUCT_BUNDLE_IDENTIFIER = "Fitzmorris.-Ride-ClientUITests";
				PRODUCT_NAME = "4Ride Student";
				TEST_TARGET_NAME = "4Ride Client";
				USES_XCTRUNNER = YES;
			};
			name = Release;
		};
/* End XCBuildConfiguration section */

/* Begin XCConfigurationList section */
		555E71991BAF58390045000F /* Build configuration list for PBXProject "4Ride Student" */ = {
			isa = XCConfigurationList;
			buildConfigurations = (
				555E71C71BAF58390045000F /* Debug */,
				555E71C81BAF58390045000F /* Release */,
			);
			defaultConfigurationIsVisible = 0;
			defaultConfigurationName = Release;
		};
		555E71C91BAF58390045000F /* Build configuration list for PBXNativeTarget "4Ride Student" */ = {
			isa = XCConfigurationList;
			buildConfigurations = (
				555E71CA1BAF58390045000F /* Debug */,
				555E71CB1BAF58390045000F /* Release */,
			);
			defaultConfigurationIsVisible = 0;
			defaultConfigurationName = Release;
		};
		555E71CC1BAF58390045000F /* Build configuration list for PBXNativeTarget "4Ride StudentTests" */ = {
			isa = XCConfigurationList;
			buildConfigurations = (
				555E71CD1BAF58390045000F /* Debug */,
				555E71CE1BAF58390045000F /* Release */,
			);
			defaultConfigurationIsVisible = 0;
			defaultConfigurationName = Release;
		};
		555E71CF1BAF58390045000F /* Build configuration list for PBXNativeTarget "4Ride StudentUITests" */ = {
			isa = XCConfigurationList;
			buildConfigurations = (
				555E71D01BAF58390045000F /* Debug */,
				555E71D11BAF58390045000F /* Release */,
			);
			defaultConfigurationIsVisible = 0;
			defaultConfigurationName = Release;
		};
/* End XCConfigurationList section */

/* Begin XCVersionGroup section */
		555E71A81BAF58390045000F /* _Ride_Student.xcdatamodeld */ = {
			isa = XCVersionGroup;
			children = (
				555E71A91BAF58390045000F /* _Ride_Student.xcdatamodel */,
			);
			currentVersion = 555E71A91BAF58390045000F /* _Ride_Student.xcdatamodel */;
			path = _Ride_Student.xcdatamodeld;
			sourceTree = "<group>";
			versionGroupType = wrapper.xcdatamodel;
		};
/* End XCVersionGroup section */
	};
	rootObject = 555E71961BAF58390045000F /* Project object */;
}
